Microsoft Visual Studio Solution File, Format Version 12.00
# Visual Studio Version 17
VisualStudioVersion = 17.0.31903.59
MinimumVisualStudioVersion = 10.0.40219.1
Project("{FAE04EC0-301F-11D3-BF4B-00C04F79EFBC}") = "GrpcDemo.Server", "src\GrpcDemo.Server\GrpcDemo.Server.csproj", "{E58E2CF2-01DA-4C2B-9C68-D8B764A0C466}"
EndProject
Project("{FAE04EC0-301F-11D3-BF4B-00C04F79EFBC}") = "GrpcDemo.Client", "src\GrpcDemo.Client\GrpcDemo.Client.csproj", "{D25AA8A1-BEE9-4C89-95E0-E6176F19589D}"
EndProject
Global
	GlobalSection(SolutionConfigurationPlatforms) = preSolution
		Debug|Any CPU = Debug|Any CPU
		Release|Any CPU = Release|Any CPU
	EndGlobalSection
	GlobalSection(ProjectConfigurationPlatforms) = postSolution
		{E58E2CF2-01DA-4C2B-9C68-D8B764A0C466}.Debug|Any CPU.ActiveCfg = Debug|Any CPU
		{E58E2CF2-01DA-4C2B-9C68-D8B764A0C466}.Debug|Any CPU.Build.0 = Debug|Any CPU
		{E58E2CF2-01DA-4C2B-9C68-D8B764A0C466}.Release|Any CPU.ActiveCfg = Release|Any CPU
		{E58E2CF2-01DA-4C2B-9C68-D8B764A0C466}.Release|Any CPU.Build.0 = Release|Any CPU
		{D25AA8A1-BEE9-4C89-95E0-E6176F19589D}.Debug|Any CPU.ActiveCfg = Debug|Any CPU
		{D25AA8A1-BEE9-4C89-95E0-E6176F19589D}.Debug|Any CPU.Build.0 = Debug|Any CPU
		{D25AA8A1-BEE9-4C89-95E0-E6176F19589D}.Release|Any CPU.ActiveCfg = Release|Any CPU
		{D25AA8A1-BEE9-4C89-95E0-E6176F19589D}.Release|Any CPU.Build.0 = Release|Any CPU
	EndGlobalSection
	GlobalSection(SolutionProperties) = preSolution
		HideSolutionNode = FALSE
	EndGlobalSection
EndGlobal
